
Microsoft Visual Studio Solution File, Format Version 12.00
# Visual Studio Version 17
VisualStudioVersion = 17.9.34616.47
MinimumVisualStudioVersion = 10.0.40219.1
Project("{FAE04EC0-301F-11D3-BF4B-00C04F79EFBC}") = "Task-Homework", "Task-Homework\Task-Homework.csproj", "{459DBA74-75A1-4B39-8720-C5E61F13ECDD}"
EndProject
Global
	GlobalSection(SolutionConfigurationPlatforms) = preSolution
		Debug|Any CPU = Debug|Any CPU
		Release|Any CPU = Release|Any CPU
	EndGlobalSection
	GlobalSection(ProjectConfigurationPlatforms) = postSolution
		{459DBA74-75A1-4B39-8720-C5E61F13ECDD}.Debug|Any CPU.ActiveCfg = Debug|Any CPU
		{459DBA74-75A1-4B39-8720-C5E61F13ECDD}.Debug|Any CPU.Build.0 = Debug|Any CPU
		{459DBA74-75A1-4B39-8720-C5E61F13ECDD}.Release|Any CPU.ActiveCfg = Release|Any CPU
		{459DBA74-75A1-4B39-8720-C5E61F13ECDD}.Release|Any CPU.Build.0 = Release|Any CPU
	EndGlobalSection
	GlobalSection(SolutionProperties) = preSolution
		HideSolutionNode = FALSE
	EndGlobalSection
	GlobalSection(ExtensibilityGlobals) = postSolution
		SolutionGuid = {2B313F79-F4B7-45A8-B5CB-48F9C5E14725}
	EndGlobalSection
EndGlobal
